
Microsoft Visual Studio Solution File, Format Version 12.00
# Visual Studio Version 17
VisualStudioVersion = 17.4.33205.214
MinimumVisualStudioVersion = 10.0.40219.1
Project("{FAE04EC0-301F-11D3-BF4B-00C04F79EFBC}") = "WEB_MOVIE", "WEB_MOVIE.csproj", "{B176A6AF-DDCD-4856-B02F-8BE0427ECFAB}"
EndProject
Global
	GlobalSection(SolutionConfigurationPlatforms) = preSolution
		Debug|Any CPU = Debug|Any CPU
		Release|Any CPU = Release|Any CPU
	EndGlobalSection
	GlobalSection(ProjectConfigurationPlatforms) = postSolution
		{B176A6AF-DDCD-4856-B02F-8BE0427ECFAB}.Debug|Any CPU.ActiveCfg = Debug|Any CPU
		{B176A6AF-DDCD-4856-B02F-8BE0427ECFAB}.Debug|Any CPU.Build.0 = Debug|Any CPU
		{B176A6AF-DDCD-4856-B02F-8BE0427ECFAB}.Release|Any CPU.ActiveCfg = Release|Any CPU
		{B176A6AF-DDCD-4856-B02F-8BE0427ECFAB}.Release|Any CPU.Build.0 = Release|Any CPU
	EndGlobalSection
	GlobalSection(SolutionProperties) = preSolution
		HideSolutionNode = FALSE
	EndGlobalSection
	GlobalSection(ExtensibilityGlobals) = postSolution
		SolutionGuid = {6D1EA5B9-7F42-4A0B-84CB-A536D655C5FD}
	EndGlobalSection
EndGlobal
